// !$*UTF8*$!
{
	archiveVersion = 1;
	classes = {
	};
	objectVersion = 50;
	objects = {

/* Begin PBXBuildFile section */
		005595B024B9107000EB7FFB /* Tests_iOS.swift in Sources */ = {isa = PBXBuildFile; fileRef = 005595AF24B9107000EB7FFB /* Tests_iOS.swift */; };
		005595BB24B9107000EB7FFB /* Tests_macOS.swift in Sources */ = {isa = PBXBuildFile; fileRef = 005595BA24B9107000EB7FFB /* Tests_macOS.swift */; };
		005595BD24B9107000EB7FFB /* sui_multiplatformApp.swift in Sources */ = {isa = PBXBuildFile; fileRef = 0055959424B9106E00EB7FFB /* sui_multiplatformApp.swift */; };
		005595BE24B9107000EB7FFB /* sui_multiplatformApp.swift in Sources */ = {isa = PBXBuildFile; fileRef = 0055959424B9106E00EB7FFB /* sui_multiplatformApp.swift */; };
		005595BF24B9107000EB7FFB /* ContentView.swift in Sources */ = {isa = PBXBuildFile; fileRef = 0055959524B9106E00EB7FFB /* ContentView.swift */; };
		005595C024B9107000EB7FFB /* ContentView.swift in Sources */ = {isa = PBXBuildFile; fileRef = 0055959524B9106E00EB7FFB /* ContentView.swift */; };
		005595C124B9107000EB7FFB /* Assets.xcassets in Resources */ = {isa = PBXBuildFile; fileRef = 0055959624B9107000EB7FFB /* Assets.xcassets */; };
		005595C224B9107000EB7FFB /* Assets.xcassets in Resources */ = {isa = PBXBuildFile; fileRef = 0055959624B9107000EB7FFB /* Assets.xcassets */; };
/* End PBXBuildFile section */

/* Begin PBXContainerItemProxy section */
		005595AC24B9107000EB7FFB /* PBXContainerItemProxy */ = {
			isa = PBXContainerItemProxy;
			containerPortal = 0055958F24B9106E00EB7FFB /* Project object */;
			proxyType = 1;
			remoteGlobalIDString = 0055959A24B9107000EB7FFB;
			remoteInfo = iOS;
		};
		005595B724B9107000EB7FFB /* PBXContainerItemProxy */ = {
			isa = PBXContainerItemProxy;
			containerPortal = 0055958F24B9106E00EB7FFB /* Project object */;
			proxyType = 1;
			remoteGlobalIDString = 005595A224B9107000EB7FFB;
			remoteInfo = macOS;
		};
/* End PBXContainerItemProxy section */

/* Begin PBXFileReference section */
		0055959424B9106E00EB7FFB /* sui_multiplatformApp.swift */ = {isa = PBXFileReference; lastKnownFileType = sourcecode.swift; path = sui_multiplatformApp.swift; sourceTree = "<group>"; };
		0055959524B9106E00EB7FFB /* ContentView.swift */ = {isa = PBXFileReference; lastKnownFileType = sourcecode.swift; path = ContentView.swift; sourceTree = "<group>"; };
		0055959624B9107000EB7FFB /* Assets.xcassets */ = {isa = PBXFileReference; lastKnownFileType = folder.assetcatalog; path = Assets.xcassets; sourceTree = "<group>"; };
		0055959B24B9107000EB7FFB /* sui_multiplatform.app */ = {isa = PBXFileReference; explicitFileType = wrapper.application; includeInIndex = 0; path = sui_multiplatform.app; sourceTree = BUILT_PRODUCTS_DIR; };
		0055959E24B9107000EB7FFB /* Info.plist */ = {isa = PBXFileReference; lastKnownFileType = text.plist.xml; path = Info.plist; sourceTree = "<group>"; };
		005595A324B9107000EB7FFB /* sui_multiplatform.app */ = {isa = PBXFileReference; explicitFileType = wrapper.application; includeInIndex = 0; path = sui_multiplatform.app; sourceTree = BUILT_PRODUCTS_DIR; };
		005595A524B9107000EB7FFB /* Info.plist */ = {isa = PBXFileReference; lastKnownFileType = text.plist.xml; path = Info.plist; sourceTree = "<group>"; };
		005595A624B9107000EB7FFB /* macOS.entitlements */ = {isa = PBXFileReference; lastKnownFileType = text.plist.entitlements; path = macOS.entitlements; sourceTree = "<group>"; };
		005595AB24B9107000EB7FFB /* Tests iOS.xctest */ = {isa = PBXFileReference; explicitFileType = wrapper.cfbundle; includeInIndex = 0; path = "Tests iOS.xctest"; sourceTree = BUILT_PRODUCTS_DIR; };
		005595AF24B9107000EB7FFB /* Tests_iOS.swift */ = {isa = PBXFileReference; lastKnownFileType = sourcecode.swift; path = Tests_iOS.swift; sourceTree = "<group>"; };
		005595B124B9107000EB7FFB /* Info.plist */ = {isa = PBXFileReference; lastKnownFileType = text.plist.xml; path = Info.plist; sourceTree = "<group>"; };
		005595B624B9107000EB7FFB /* Tests macOS.xctest */ = {isa = PBXFileReference; explicitFileType = wrapper.cfbundle; includeInIndex = 0; path = "Tests macOS.xctest"; sourceTree = BUILT_PRODUCTS_DIR; };
		005595BA24B9107000EB7FFB /* Tests_macOS.swift */ = {isa = PBXFileReference; lastKnownFileType = sourcecode.swift; path = Tests_macOS.swift; sourceTree = "<group>"; };
		005595BC24B9107000EB7FFB /* Info.plist */ = {isa = PBXFileReference; lastKnownFileType = text.plist.xml; path = Info.plist; sourceTree = "<group>"; };
/* End PBXFileReference section */

/* Begin PBXFrameworksBuildPhase section */
		0055959824B9107000EB7FFB /* Frameworks */ = {
			isa = PBXFrameworksBuildPhase;
			buildActionMask = 2147483647;
			files = (
			);
			runOnlyForDeploymentPostprocessing = 0;
		};
		005595A024B9107000EB7FFB /* Frameworks */ = {
			isa = PBXFrameworksBuildPhase;
			buildActionMask = 2147483647;
			files = (
			);
			runOnlyForDeploymentPostprocessing = 0;
		};
		005595A824B9107000EB7FFB /* Frameworks */ = {
			isa = PBXFrameworksBuildPhase;
			buildActionMask = 2147483647;
			files = (
			);
			runOnlyForDeploymentPostprocessing = 0;
		};
		005595B324B9107000EB7FFB /* Frameworks */ = {
			isa = PBXFrameworksBuildPhase;
			buildActionMask = 2147483647;
			files = (
			);
			runOnlyForDeploymentPostprocessing = 0;
		};
/* End PBXFrameworksBuildPhase section */

/* Begin PBXGroup section */
		0055958E24B9106E00EB7FFB = {
			isa = PBXGroup;
			children = (
				0055959324B9106E00EB7FFB /* Shared */,
				0055959D24B9107000EB7FFB /* iOS */,
				005595A424B9107000EB7FFB /* macOS */,
				005595AE24B9107000EB7FFB /* Tests iOS */,
				005595B924B9107000EB7FFB /* Tests macOS */,
				0055959C24B9107000EB7FFB /* Products */,
			);
			sourceTree = "<group>";
		};
		0055959324B9106E00EB7FFB /* Shared */ = {
			isa = PBXGroup;
			children = (
				0055959424B9106E00EB7FFB /* sui_multiplatformApp.swift */,
				0055959524B9106E00EB7FFB /* ContentView.swift */,
				0055959624B9107000EB7FFB /* Assets.xcassets */,
			);
			path = Shared;
			sourceTree = "<group>";
		};
		0055959C24B9107000EB7FFB /* Products */ = {
			isa = PBXGroup;
			children = (
				0055959B24B9107000EB7FFB /* sui_multiplatform.app */,
				005595A324B9107000EB7FFB /* sui_multiplatform.app */,
				005595AB24B9107000EB7FFB /* Tests iOS.xctest */,
				005595B624B9107000EB7FFB /* Tests macOS.xctest */,
			);
			name = Products;
			sourceTree = "<group>";
		};
		0055959D24B9107000EB7FFB /* iOS */ = {
			isa = PBXGroup;
			children = (
				0055959E24B9107000EB7FFB /* Info.plist */,
			);
			path = iOS;
			sourceTree = "<group>";
		};
		005595A424B9107000EB7FFB /* macOS */ = {
			isa = PBXGroup;
			children = (
				005595A524B9107000EB7FFB /* Info.plist */,
				005595A624B9107000EB7FFB /* macOS.entitlements */,
			);
			path = macOS;
			sourceTree = "<group>";
		};
		005595AE24B9107000EB7FFB /* Tests iOS */ = {
			isa = PBXGroup;
			children = (
				005595AF24B9107000EB7FFB /* Tests_iOS.swift */,
				005595B124B9107000EB7FFB /* Info.plist */,
			);
			path = "Tests iOS";
			sourceTree = "<group>";
		};
		005595B924B9107000EB7FFB /* Tests macOS */ = {
			isa = PBXGroup;
			children = (
				005595BA24B9107000EB7FFB /* Tests_macOS.swift */,
				005595BC24B9107000EB7FFB /* Info.plist */,
			);
			path = "Tests macOS";
			sourceTree = "<group>";
		};
/* End PBXGroup section */

/* Begin PBXNativeTarget section */
		0055959A24B9107000EB7FFB /* iOS */ = {
			isa = PBXNativeTarget;
			buildConfigurationList = 005595C524B9107000EB7FFB /* Build configuration list for PBXNativeTarget "iOS" */;
			buildPhases = (
				0055959724B9107000EB7FFB /* Sources */,
				0055959824B9107000EB7FFB /* Frameworks */,
				0055959924B9107000EB7FFB /* Resources */,
			);
			buildRules = (
			);
			dependencies = (
			);
			name = iOS;
			productName = iOS;
			productReference = 0055959B24B9107000EB7FFB /* sui_multiplatform.app */;
			productType = "com.apple.product-type.application";
		};
		005595A224B9107000EB7FFB /* macOS */ = {
			isa = PBXNativeTarget;
			buildConfigurationList = 005595C824B9107000EB7FFB /* Build configuration list for PBXNativeTarget "macOS" */;
			buildPhases = (
				0055959F24B9107000EB7FFB /* Sources */,
				005595A024B9107000EB7FFB /* Frameworks */,
				005595A124B9107000EB7FFB /* Resources */,
			);
			buildRules = (
			);
			dependencies = (
			);
			name = macOS;
			productName = macOS;
			productReference = 005595A324B9107000EB7FFB /* sui_multiplatform.app */;
			productType = "com.apple.product-type.application";
		};
		005595AA24B9107000EB7FFB /* Tests iOS */ = {
			isa = PBXNativeTarget;
			buildConfigurationList = 005595CB24B9107000EB7FFB /* Build configuration list for PBXNativeTarget "Tests iOS" */;
			buildPhases = (
				005595A724B9107000EB7FFB /* Sources */,
				005595A824B9107000EB7FFB /* Frameworks */,
				005595A924B9107000EB7FFB /* Resources */,
			);
			buildRules = (
			);
			dependencies = (
				005595AD24B9107000EB7FFB /* PBXTargetDependency */,
			);
			name = "Tests iOS";
			productName = "Tests iOS";
			productReference = 005595AB24B9107000EB7FFB /* Tests iOS.xctest */;
			productType = "com.apple.product-type.bundle.ui-testing";
		};
		005595B524B9107000EB7FFB /* Tests macOS */ = {
			isa = PBXNativeTarget;
			buildConfigurationList = 005595CE24B9107000EB7FFB /* Build configuration list for PBXNativeTarget "Tests macOS" */;
			buildPhases = (
				005595B224B9107000EB7FFB /* Sources */,
				005595B324B9107000EB7FFB /* Frameworks */,
				005595B424B9107000EB7FFB /* Resources */,
			);
			buildRules = (
			);
			dependencies = (
				005595B824B9107000EB7FFB /* PBXTargetDependency */,
			);
			name = "Tests macOS";
			productName = "Tests macOS";
			productReference = 005595B624B9107000EB7FFB /* Tests macOS.xctest */;
			productType = "com.apple.product-type.bundle.ui-testing";
		};
/* End PBXNativeTarget section */

/* Begin PBXProject section */
		0055958F24B9106E00EB7FFB /* Project object */ = {
			isa = PBXProject;
			attributes = {
				LastSwiftUpdateCheck = 1200;
				LastUpgradeCheck = 1200;
				TargetAttributes = {
					0055959A24B9107000EB7FFB = {
						CreatedOnToolsVersion = 12.0;
					};
					005595A224B9107000EB7FFB = {
						CreatedOnToolsVersion = 12.0;
					};
					005595AA24B9107000EB7FFB = {
						CreatedOnToolsVersion = 12.0;
						TestTargetID = 0055959A24B9107000EB7FFB;
					};
					005595B524B9107000EB7FFB = {
						CreatedOnToolsVersion = 12.0;
						TestTargetID = 005595A224B9107000EB7FFB;
					};
				};
			};
			buildConfigurationList = 0055959224B9106E00EB7FFB /* Build configuration list for PBXProject "sui_multiplatform" */;
			compatibilityVersion = "Xcode 9.3";
			developmentRegion = en;
			hasScannedForEncodings = 0;
			knownRegions = (
				en,
				Base,
			);
			mainGroup = 0055958E24B9106E00EB7FFB;
			productRefGroup = 0055959C24B9107000EB7FFB /* Products */;
			projectDirPath = "";
			projectRoot = "";
			targets = (
				0055959A24B9107000EB7FFB /* iOS */,
				005595A224B9107000EB7FFB /* macOS */,
				005595AA24B9107000EB7FFB /* Tests iOS */,
				005595B524B9107000EB7FFB /* Tests macOS */,
			);
		};
/* End PBXProject section */

/* Begin PBXResourcesBuildPhase section */
		0055959924B9107000EB7FFB /* Resources */ = {
			isa = PBXResourcesBuildPhase;
			buildActionMask = 2147483647;
			files = (
				005595C124B9107000EB7FFB /* Assets.xcassets in Resources */,
			);
			runOnlyForDeploymentPostprocessing = 0;
		};
		005595A124B9107000EB7FFB /* Resources */ = {
			isa = PBXResourcesBuildPhase;
			buildActionMask = 2147483647;
			files = (
				005595C224B9107000EB7FFB /* Assets.xcassets in Resources */,
			);
			runOnlyForDeploymentPostprocessing = 0;
		};
		005595A924B9107000EB7FFB /* Resources */ = {
			isa = PBXResourcesBuildPhase;
			buildActionMask = 2147483647;
			files = (
			);
			runOnlyForDeploymentPostprocessing = 0;
		};
		005595B424B9107000EB7FFB /* Resources */ = {
			isa = PBXResourcesBuildPhase;
			buildActionMask = 2147483647;
			files = (
			);
			runOnlyForDeploymentPostprocessing = 0;
		};
/* End PBXResourcesBuildPhase section */

/* Begin PBXSourcesBuildPhase section */
		0055959724B9107000EB7FFB /* Sources */ = {
			isa = PBXSourcesBuildPhase;
			buildActionMask = 2147483647;
			files = (
				005595BF24B9107000EB7FFB /* ContentView.swift in Sources */,
				005595BD24B9107000EB7FFB /* sui_multiplatformApp.swift in Sources */,
			);
			runOnlyForDeploymentPostprocessing = 0;
		};
		0055959F24B9107000EB7FFB /* Sources */ = {
			isa = PBXSourcesBuildPhase;
			buildActionMask = 2147483647;
			files = (
				005595C024B9107000EB7FFB /* ContentView.swift in Sources */,
				005595BE24B9107000EB7FFB /* sui_multiplatformApp.swift in Sources */,
			);
			runOnlyForDeploymentPostprocessing = 0;
		};
		005595A724B9107000EB7FFB /* Sources */ = {
			isa = PBXSourcesBuildPhase;
			buildActionMask = 2147483647;
			files = (
				005595B024B9107000EB7FFB /* Tests_iOS.swift in Sources */,
			);
			runOnlyForDeploymentPostprocessing = 0;
		};
		005595B224B9107000EB7FFB /* Sources */ = {
			isa = PBXSourcesBuildPhase;
			buildActionMask = 2147483647;
			files = (
				005595BB24B9107000EB7FFB /* Tests_macOS.swift in Sources */,
			);
			runOnlyForDeploymentPostprocessing = 0;
		};
/* End PBXSourcesBuildPhase section */

/* Begin PBXTargetDependency section */
		005595AD24B9107000EB7FFB /* PBXTargetDependency */ = {
			isa = PBXTargetDependency;
			target = 0055959A24B9107000EB7FFB /* iOS */;
			targetProxy = 005595AC24B9107000EB7FFB /* PBXContainerItemProxy */;
		};
		005595B824B9107000EB7FFB /* PBXTargetDependency */ = {
			isa = PBXTargetDependency;
			target = 005595A224B9107000EB7FFB /* macOS */;
			targetProxy = 005595B724B9107000EB7FFB /* PBXContainerItemProxy */;
		};
/* End PBXTargetDependency section */

/* Begin XCBuildConfiguration section */
		005595C324B9107000EB7FFB /* Debug */ = {
			isa = XCBuildConfiguration;
			buildSettings = {
				ALWAYS_SEARCH_USER_PATHS = NO;
				CLANG_ANALYZER_NONNULL = YES;
				CLANG_ANALYZER_NUMBER_OBJECT_CONVERSION = YES_AGGRESSIVE;
				CLANG_CXX_LANGUAGE_STANDARD = "gnu++14";
				CLANG_CXX_LIBRARY = "libc++";
				CLANG_ENABLE_MODULES = YES;
				CLANG_ENABLE_OBJC_ARC = YES;
				CLANG_ENABLE_OBJC_WEAK = YES;
				CLANG_WARN_BLOCK_CAPTURE_AUTORELEASING = YES;
				CLANG_WARN_BOOL_CONVERSION = YES;
				CLANG_WARN_COMMA = YES;
				CLANG_WARN_CONSTANT_CONVERSION = YES;
				CLANG_WARN_DEPRECATED_OBJC_IMPLEMENTATIONS = YES;
				CLANG_WARN_DIRECT_OBJC_ISA_USAGE = YES_ERROR;
				CLANG_WARN_DOCUMENTATION_COMMENTS = YES;
				CLANG_WARN_EMPTY_BODY = YES;
				CLANG_WARN_ENUM_CONVERSION = YES;
				CLANG_WARN_INFINITE_RECURSION = YES;
				CLANG_WARN_INT_CONVERSION = YES;
				CLANG_WARN_NON_LITERAL_NULL_CONVERSION = YES;
				CLANG_WARN_OBJC_IMPLICIT_RETAIN_SELF = YES;
				CLANG_WARN_OBJC_LITERAL_CONVERSION = YES;
				CLANG_WARN_OBJC_ROOT_CLASS = YES_ERROR;
				CLANG_WARN_QUOTED_INCLUDE_IN_FRAMEWORK_HEADER = YES;
				CLANG_WARN_RANGE_LOOP_ANALYSIS = YES;
				CLANG_WARN_STRICT_PROTOTYPES = YES;
				CLANG_WARN_SUSPICIOUS_MOVE = YES;
				CLANG_WARN_UNGUARDED_AVAILABILITY = YES_AGGRESSIVE;
				CLANG_WARN_UNREACHABLE_CODE = YES;
				CLANG_WARN__DUPLICATE_METHOD_MATCH = YES;
				COPY_PHASE_STRIP = NO;
				DEBUG_INFORMATION_FORMAT = dwarf;
				ENABLE_STRICT_OBJC_MSGSEND = YES;
				ENABLE_TESTABILITY = YES;
				GCC_C_LANGUAGE_STANDARD = gnu11;
				GCC_DYNAMIC_NO_PIC = NO;
				GCC_NO_COMMON_BLOCKS = YES;
				GCC_OPTIMIZATION_LEVEL = 0;
				GCC_PREPROCESSOR_DEFINITIONS = (
					"DEBUG=1",
					"$(inherited)",
				);
				GCC_WARN_64_TO_32_BIT_CONVERSION = YES;
				GCC_WARN_ABOUT_RETURN_TYPE = YES_ERROR;
				GCC_WARN_UNDECLARED_SELECTOR = YES;
				GCC_WARN_UNINITIALIZED_AUTOS = YES_AGGRESSIVE;
				GCC_WARN_UNUSED_FUNCTION = YES;
				GCC_WARN_UNUSED_VARIABLE = YES;
				MTL_ENABLE_DEBUG_INFO = INCLUDE_SOURCE;
				MTL_FAST_MATH = YES;
				ONLY_ACTIVE_ARCH = YES;
				SWIFT_ACTIVE_COMPILATION_CONDITIONS = DEBUG;
				SWIFT_OPTIMIZATION_LEVEL = "-Onone";
			};
			name = Debug;
		};
		005595C424B9107000EB7FFB /* Release */ = {
			isa = XCBuildConfiguration;
			buildSettings = {
				ALWAYS_SEARCH_USER_PATHS = NO;
				CLANG_ANALYZER_NONNULL = YES;
				CLANG_ANALYZER_NUMBER_OBJECT_CONVERSION = YES_AGGRESSIVE;
				CLANG_CXX_LANGUAGE_STANDARD = "gnu++14";
				CLANG_CXX_LIBRARY = "libc++";
				CLANG_ENABLE_MODULES = YES;
				CLANG_ENABLE_OBJC_ARC = YES;
				CLANG_ENABLE_OBJC_WEAK = YES;
				CLANG_WARN_BLOCK_CAPTURE_AUTORELEASING = YES;
				CLANG_WARN_BOOL_CONVERSION = YES;
				CLANG_WARN_COMMA = YES;
				CLANG_WARN_CONSTANT_CONVERSION = YES;
				CLANG_WARN_DEPRECATED_OBJC_IMPLEMENTATIONS = YES;
				CLANG_WARN_DIRECT_OBJC_ISA_USAGE = YES_ERROR;
				CLANG_WARN_DOCUMENTATION_COMMENTS = YES;
				CLANG_WARN_EMPTY_BODY = YES;
				CLANG_WARN_ENUM_CONVERSION = YES;
				CLANG_WARN_INFINITE_RECURSION = YES;
				CLANG_WARN_INT_CONVERSION = YES;
				CLANG_WARN_NON_LITERAL_NULL_CONVERSION = YES;
				CLANG_WARN_OBJC_IMPLICIT_RETAIN_SELF = YES;
				CLANG_WARN_OBJC_LITERAL_CONVERSION = YES;
				CLANG_WARN_OBJC_ROOT_CLASS = YES_ERROR;
				CLANG_WARN_QUOTED_INCLUDE_IN_FRAMEWORK_HEADER = YES;
				CLANG_WARN_RANGE_LOOP_ANALYSIS = YES;
				CLANG_WARN_STRICT_PROTOTYPES = YES;
				CLANG_WARN_SUSPICIOUS_MOVE = YES;
				CLANG_WARN_UNGUARDED_AVAILABILITY = YES_AGGRESSIVE;
				CLANG_WARN_UNREACHABLE_CODE = YES;
				CLANG_WARN__DUPLICATE_METHOD_MATCH = YES;
				COPY_PHASE_STRIP = NO;
				DEBUG_INFORMATION_FORMAT = "dwarf-with-dsym";
				ENABLE_NS_ASSERTIONS = NO;
				ENABLE_STRICT_OBJC_MSGSEND = YES;
				GCC_C_LANGUAGE_STANDARD = gnu11;
				GCC_NO_COMMON_BLOCKS = YES;
				GCC_WARN_64_TO_32_BIT_CONVERSION = YES;
				GCC_WARN_ABOUT_RETURN_TYPE = YES_ERROR;
				GCC_WARN_UNDECLARED_SELECTOR = YES;
				GCC_WARN_UNINITIALIZED_AUTOS = YES_AGGRESSIVE;
				GCC_WARN_UNUSED_FUNCTION = YES;
				GCC_WARN_UNUSED_VARIABLE = YES;
				MTL_ENABLE_DEBUG_INFO = NO;
				MTL_FAST_MATH = YES;
				SWIFT_COMPILATION_MODE = wholemodule;
				SWIFT_OPTIMIZATION_LEVEL = "-O";
			};
			name = Release;
		};
		005595C624B9107000EB7FFB /* Debug */ = {
			isa = XCBuildConfiguration;
			buildSettings = {
				ASSETCATALOG_COMPILER_APPICON_NAME = AppIcon;
				ASSETCATALOG_COMPILER_GLOBAL_ACCENT_COLOR_NAME = AccentColor;
				CODE_SIGN_STYLE = Automatic;
				DEVELOPMENT_TEAM = 8M8SAX62V2;
				ENABLE_PREVIEWS = YES;
				INFOPLIST_FILE = iOS/Info.plist;
				IPHONEOS_DEPLOYMENT_TARGET = 14.0;
				LD_RUNPATH_SEARCH_PATHS = (
					"$(inherited)",
					"@executable_path/Frameworks",
				);
				PRODUCT_BUNDLE_IDENTIFIER = "ol.sui-multiplatform";
				PRODUCT_NAME = sui_multiplatform;
				SDKROOT = iphoneos;
				SWIFT_VERSION = 5.0;
				TARGETED_DEVICE_FAMILY = "1,2";
			};
			name = Debug;
		};
		005595C724B9107000EB7FFB /* Release */ = {
			isa = XCBuildConfiguration;
			buildSettings = {
				ASSETCATALOG_COMPILER_APPICON_NAME = AppIcon;
				ASSETCATALOG_COMPILER_GLOBAL_ACCENT_COLOR_NAME = AccentColor;
				CODE_SIGN_STYLE = Automatic;
				DEVELOPMENT_TEAM = 8M8SAX62V2;
				ENABLE_PREVIEWS = YES;
				INFOPLIST_FILE = iOS/Info.plist;
				IPHONEOS_DEPLOYMENT_TARGET = 14.0;
				LD_RUNPATH_SEARCH_PATHS = (
					"$(inherited)",
					"@executable_path/Frameworks",
				);
				PRODUCT_BUNDLE_IDENTIFIER = "ol.sui-multiplatform";
				PRODUCT_NAME = sui_multiplatform;
				SDKROOT = iphoneos;
				SWIFT_VERSION = 5.0;
				TARGETED_DEVICE_FAMILY = "1,2";
				VALIDATE_PRODUCT = YES;
			};
			name = Release;
		};
		005595C924B9107000EB7FFB /* Debug */ = {
			isa = XCBuildConfiguration;
			buildSettings = {
				ASSETCATALOG_COMPILER_APPICON_NAME = AppIcon;
				ASSETCATALOG_COMPILER_GLOBAL_ACCENT_COLOR_NAME = AccentColor;
				CODE_SIGN_ENTITLEMENTS = macOS/macOS.entitlements;
				CODE_SIGN_STYLE = Automatic;
				COMBINE_HIDPI_IMAGES = YES;
				DEVELOPMENT_TEAM = 8M8SAX62V2;
				ENABLE_HARDENED_RUNTIME = YES;
				ENABLE_PREVIEWS = YES;
				INFOPLIST_FILE = macOS/Info.plist;
				LD_RUNPATH_SEARCH_PATHS = (
					"$(inherited)",
					"@executable_path/../Frameworks",
				);
				MACOSX_DEPLOYMENT_TARGET = 10.16;
				PRODUCT_BUNDLE_IDENTIFIER = "ol.sui-multiplatform";
				PRODUCT_NAME = sui_multiplatform;
				SDKROOT = macosx;
				SWIFT_VERSION = 5.0;
			};
			name = Debug;
		};
		005595CA24B9107000EB7FFB /* Release */ = {
			isa = XCBuildConfiguration;
			buildSettings = {
				ASSETCATALOG_COMPILER_APPICON_NAME = AppIcon;
				ASSETCATALOG_COMPILER_GLOBAL_ACCENT_COLOR_NAME = AccentColor;
				CODE_SIGN_ENTITLEMENTS = macOS/macOS.entitlements;
				CODE_SIGN_STYLE = Automatic;
				COMBINE_HIDPI_IMAGES = YES;
				DEVELOPMENT_TEAM = 8M8SAX62V2;
				ENABLE_HARDENED_RUNTIME = YES;
				ENABLE_PREVIEWS = YES;
				INFOPLIST_FILE = macOS/Info.plist;
				LD_RUNPATH_SEARCH_PATHS = (
					"$(inherited)",
					"@executable_path/../Frameworks",
				);
				MACOSX_DEPLOYMENT_TARGET = 10.16;
				PRODUCT_BUNDLE_IDENTIFIER = "ol.sui-multiplatform";
				PRODUCT_NAME = sui_multiplatform;
				SDKROOT = macosx;
				SWIFT_VERSION = 5.0;
			};
			name = Release;
		};
		005595CC24B9107000EB7FFB /* Debug */ = {
			isa = XCBuildConfiguration;
			buildSettings = {
				ALWAYS_EMBED_SWIFT_STANDARD_LIBRARIES = YES;
				CODE_SIGN_STYLE = Automatic;
				DEVELOPMENT_TEAM = 8M8SAX62V2;
				INFOPLIST_FILE = "Tests iOS/Info.plist";
				IPHONEOS_DEPLOYMENT_TARGET = 14.0;
				LD_RUNPATH_SEARCH_PATHS = (
					"$(inherited)",
					"@executable_path/Frameworks",
					"@loader_path/Frameworks",
				);
				PRODUCT_BUNDLE_IDENTIFIER = "ol.Tests-iOS";
				PRODUCT_NAME = "$(TARGET_NAME)";
				SDKROOT = iphoneos;
				SWIFT_VERSION = 5.0;
				TARGETED_DEVICE_FAMILY = "1,2";
				TEST_TARGET_NAME = iOS;
			};
			name = Debug;
		};
		005595CD24B9107000EB7FFB /* Release */ = {
			isa = XCBuildConfiguration;
			buildSettings = {
				ALWAYS_EMBED_SWIFT_STANDARD_LIBRARIES = YES;
				CODE_SIGN_STYLE = Automatic;
				DEVELOPMENT_TEAM = 8M8SAX62V2;
				INFOPLIST_FILE = "Tests iOS/Info.plist";
				IPHONEOS_DEPLOYMENT_TARGET = 14.0;
				LD_RUNPATH_SEARCH_PATHS = (
					"$(inherited)",
					"@executable_path/Frameworks",
					"@loader_path/Frameworks",
				);
				PRODUCT_BUNDLE_IDENTIFIER = "ol.Tests-iOS";
				PRODUCT_NAME = "$(TARGET_NAME)";
				SDKROOT = iphoneos;
				SWIFT_VERSION = 5.0;
				TARGETED_DEVICE_FAMILY = "1,2";
				TEST_TARGET_NAME = iOS;
				VALIDATE_PRODUCT = YES;
			};
			name = Release;
		};
		005595CF24B9107000EB7FFB /* Debug */ = {
			isa = XCBuildConfiguration;
			buildSettings = {
				ALWAYS_EMBED_SWIFT_STANDARD_LIBRARIES = YES;
				CODE_SIGN_STYLE = Automatic;
				COMBINE_HIDPI_IMAGES = YES;
				DEVELOPMENT_TEAM = 8M8SAX62V2;
				INFOPLIST_FILE = "Tests macOS/Info.plist";
				LD_RUNPATH_SEARCH_PATHS = (
					"$(inherited)",
					"@executable_path/../Frameworks",
					"@loader_path/../Frameworks",
				);
				MACOSX_DEPLOYMENT_TARGET = 10.15;
				PRODUCT_BUNDLE_IDENTIFIER = "ol.Tests-macOS";
				PRODUCT_NAME = "$(TARGET_NAME)";
				SDKROOT = macosx;
				SWIFT_VERSION = 5.0;
				TEST_TARGET_NAME = macOS;
			};
			name = Debug;
		};
		005595D024B9107000EB7FFB /* Release */ = {
			isa = XCBuildConfiguration;
			buildSettings = {
				ALWAYS_EMBED_SWIFT_STANDARD_LIBRARIES = YES;
				CODE_SIGN_STYLE = Automatic;
				COMBINE_HIDPI_IMAGES = YES;
				DEVELOPMENT_TEAM = 8M8SAX62V2;
				INFOPLIST_FILE = "Tests macOS/Info.plist";
				LD_RUNPATH_SEARCH_PATHS = (
					"$(inherited)",
					"@executable_path/../Frameworks",
					"@loader_path/../Frameworks",
				);
				MACOSX_DEPLOYMENT_TARGET = 10.15;
				PRODUCT_BUNDLE_IDENTIFIER = "ol.Tests-macOS";
				PRODUCT_NAME = "$(TARGET_NAME)";
				SDKROOT = macosx;
				SWIFT_VERSION = 5.0;
				TEST_TARGET_NAME = macOS;
			};
			name = Release;
		};
/* End XCBuildConfiguration section */

/* Begin XCConfigurationList section */
		0055959224B9106E00EB7FFB /* Build configuration list for PBXProject "sui_multiplatform" */ = {
			isa = XCConfigurationList;
			buildConfigurations = (
				005595C324B9107000EB7FFB /* Debug */,
				005595C424B9107000EB7FFB /* Release */,
			);
			defaultConfigurationIsVisible = 0;
			defaultConfigurationName = Release;
		};
		005595C524B9107000EB7FFB /* Build configuration list for PBXNativeTarget "iOS" */ = {
			isa = XCConfigurationList;
			buildConfigurations = (
				005595C624B9107000EB7FFB /* Debug */,
				005595C724B9107000EB7FFB /* Release */,
			);
			defaultConfigurationIsVisible = 0;
			defaultConfigurationName = Release;
		};
		005595C824B9107000EB7FFB /* Build configuration list for PBXNativeTarget "macOS" */ = {
			isa = XCConfigurationList;
			buildConfigurations = (
				005595C924B9107000EB7FFB /* Debug */,
				005595CA24B9107000EB7FFB /* Release */,
			);
			defaultConfigurationIsVisible = 0;
			defaultConfigurationName = Release;
		};
		005595CB24B9107000EB7FFB /* Build configuration list for PBXNativeTarget "Tests iOS" */ = {
			isa = XCConfigurationList;
			buildConfigurations = (
				005595CC24B9107000EB7FFB /* Debug */,
				005595CD24B9107000EB7FFB /* Release */,
			);
			defaultConfigurationIsVisible = 0;
			defaultConfigurationName = Release;
		};
		005595CE24B9107000EB7FFB /* Build configuration list for PBXNativeTarget "Tests macOS" */ = {
			isa = XCConfigurationList;
			buildConfigurations = (
				005595CF24B9107000EB7FFB /* Debug */,
				005595D024B9107000EB7FFB /* Release */,
			);
			defaultConfigurationIsVisible = 0;
			defaultConfigurationName = Release;
		};
/* End XCConfigurationList section */
	};
	rootObject = 0055958F24B9106E00EB7FFB /* Project object */;
}
